
Microsoft Visual Studio Solution File, Format Version 12.00
# Visual Studio Version 17
VisualStudioVersion = 17.0.32112.339
MinimumVisualStudioVersion = 10.0.40219.1
Project("{9A19103F-16F7-4668-BE54-9A1E7A4F7556}") = "MechanicalSwitchesAPI", "MechanicalSwitchesAPI\MechanicalSwitchesAPI.csproj", "{32AD2581-B1B8-4C95-9714-E4F31AEFB32F}"
EndProject
Project("{FAE04EC0-301F-11D3-BF4B-00C04F79EFBC}") = "UnitTests", "UnitTests\UnitTests.csproj", "{1DBD2627-167E-4F28-A1AC-FEFC94641487}"
EndProject
Global
	GlobalSection(SolutionConfigurationPlatforms) = preSolution
		Debug|Any CPU = Debug|Any CPU
		Release|Any CPU = Release|Any CPU
	EndGlobalSection
	GlobalSection(ProjectConfigurationPlatforms) = postSolution
		{32AD2581-B1B8-4C95-9714-E4F31AEFB32F}.Debug|Any CPU.ActiveCfg = Debug|Any CPU
		{32AD2581-B1B8-4C95-9714-E4F31AEFB32F}.Debug|Any CPU.Build.0 = Debug|Any CPU
		{32AD2581-B1B8-4C95-9714-E4F31AEFB32F}.Release|Any CPU.ActiveCfg = Release|Any CPU
		{32AD2581-B1B8-4C95-9714-E4F31AEFB32F}.Release|Any CPU.Build.0 = Release|Any CPU
		{1DBD2627-167E-4F28-A1AC-FEFC94641487}.Debug|Any CPU.ActiveCfg = Debug|Any CPU
		{1DBD2627-167E-4F28-A1AC-FEFC94641487}.Debug|Any CPU.Build.0 = Debug|Any CPU
		{1DBD2627-167E-4F28-A1AC-FEFC94641487}.Release|Any CPU.ActiveCfg = Release|Any CPU
		{1DBD2627-167E-4F28-A1AC-FEFC94641487}.Release|Any CPU.Build.0 = Release|Any CPU
	EndGlobalSection
	GlobalSection(SolutionProperties) = preSolution
		HideSolutionNode = FALSE
	EndGlobalSection
	GlobalSection(ExtensibilityGlobals) = postSolution
		SolutionGuid = {2551F966-7749-4826-81A5-533A2778B3BA}
	EndGlobalSection
EndGlobal
